
Microsoft Visual Studio Solution File, Format Version 12.00
# Visual Studio Express 2013 for Windows Desktop
VisualStudioVersion = 12.0.31101.0
MinimumVisualStudioVersion = 10.0.40219.1
Project("{FAE04EC0-301F-11D3-BF4B-00C04F79EFBC}") = "SklepWPF", "SklepWPF\SklepWPF.csproj", "{E686408B-50E7-4334-94AB-072A0A900C0F}"
EndProject
Project("{FAE04EC0-301F-11D3-BF4B-00C04F79EFBC}") = "ShopTests", "ShopTests\ShopTests.csproj", "{6578836D-CDFA-4381-AE79-21F37D61AA08}"
EndProject
Global
	GlobalSection(SolutionConfigurationPlatforms) = preSolution
		Debug|Any CPU = Debug|Any CPU
		Release|Any CPU = Release|Any CPU
	EndGlobalSection
	GlobalSection(ProjectConfigurationPlatforms) = postSolution
		{E686408B-50E7-4334-94AB-072A0A900C0F}.Debug|Any CPU.ActiveCfg = Debug|Any CPU
		{E686408B-50E7-4334-94AB-072A0A900C0F}.Debug|Any CPU.Build.0 = Debug|Any CPU
		{E686408B-50E7-4334-94AB-072A0A900C0F}.Release|Any CPU.ActiveCfg = Release|Any CPU
		{E686408B-50E7-4334-94AB-072A0A900C0F}.Release|Any CPU.Build.0 = Release|Any CPU
		{6578836D-CDFA-4381-AE79-21F37D61AA08}.Debug|Any CPU.ActiveCfg = Debug|Any CPU
		{6578836D-CDFA-4381-AE79-21F37D61AA08}.Debug|Any CPU.Build.0 = Debug|Any CPU
		{6578836D-CDFA-4381-AE79-21F37D61AA08}.Release|Any CPU.ActiveCfg = Release|Any CPU
		{6578836D-CDFA-4381-AE79-21F37D61AA08}.Release|Any CPU.Build.0 = Release|Any CPU
	EndGlobalSection
	GlobalSection(SolutionProperties) = preSolution
		HideSolutionNode = FALSE
	EndGlobalSection
EndGlobal
